
Microsoft Visual Studio Solution File, Format Version 12.00
# Visual Studio Version 17
VisualStudioVersion = 17.0.31903.59
MinimumVisualStudioVersion = 10.0.40219.1
Project("{FAE04EC0-301F-11D3-BF4B-00C04F79EFBC}") = "Api01", "Api01\Api01.csproj", "{35DCA8F7-2E92-4B97-A92B-11FE6F0758E8}"
EndProject
Project("{FAE04EC0-301F-11D3-BF4B-00C04F79EFBC}") = "Api02", "Api02\Api02.csproj", "{5F259887-1327-486F-9721-6098DA3FDC23}"
EndProject
Global
	GlobalSection(SolutionConfigurationPlatforms) = preSolution
		Debug|Any CPU = Debug|Any CPU
		Release|Any CPU = Release|Any CPU
	EndGlobalSection
	GlobalSection(SolutionProperties) = preSolution
		HideSolutionNode = FALSE
	EndGlobalSection
	GlobalSection(ProjectConfigurationPlatforms) = postSolution
		{35DCA8F7-2E92-4B97-A92B-11FE6F0758E8}.Debug|Any CPU.ActiveCfg = Debug|Any CPU
		{35DCA8F7-2E92-4B97-A92B-11FE6F0758E8}.Debug|Any CPU.Build.0 = Debug|Any CPU
		{35DCA8F7-2E92-4B97-A92B-11FE6F0758E8}.Release|Any CPU.ActiveCfg = Release|Any CPU
		{35DCA8F7-2E92-4B97-A92B-11FE6F0758E8}.Release|Any CPU.Build.0 = Release|Any CPU
		{5F259887-1327-486F-9721-6098DA3FDC23}.Debug|Any CPU.ActiveCfg = Debug|Any CPU
		{5F259887-1327-486F-9721-6098DA3FDC23}.Debug|Any CPU.Build.0 = Debug|Any CPU
		{5F259887-1327-486F-9721-6098DA3FDC23}.Release|Any CPU.ActiveCfg = Release|Any CPU
		{5F259887-1327-486F-9721-6098DA3FDC23}.Release|Any CPU.Build.0 = Release|Any CPU
	EndGlobalSection
EndGlobal
