
Microsoft Visual Studio Solution File, Format Version 12.00
# Visual Studio Version 16
VisualStudioVersion = 16.0.30114.105
MinimumVisualStudioVersion = 10.0.40219.1
Project("{2150E333-8FDC-42A3-9474-1A3956D46DE8}") = "src", "src", "{D2F7C411-42AD-4A94-9275-5A6DAD24DFCD}"
EndProject
Project("{FAE04EC0-301F-11D3-BF4B-00C04F79EFBC}") = "Api", "src\Api\Api.csproj", "{E6871E65-D8A8-4315-A530-C9A8E766BF81}"
EndProject
Project("{FAE04EC0-301F-11D3-BF4B-00C04F79EFBC}") = "Web", "src\Web\Web.csproj", "{9C14DE55-20C8-404C-81E7-808707B904DA}"
EndProject
Project("{FAE04EC0-301F-11D3-BF4B-00C04F79EFBC}") = "Angular", "src\Angular\Angular.csproj", "{FEC3D47A-8EC2-4483-AAE3-DB17CCD93F22}"
EndProject
Global
	GlobalSection(SolutionConfigurationPlatforms) = preSolution
		Debug|Any CPU = Debug|Any CPU
		Release|Any CPU = Release|Any CPU
	EndGlobalSection
	GlobalSection(SolutionProperties) = preSolution
		HideSolutionNode = FALSE
	EndGlobalSection
	GlobalSection(ProjectConfigurationPlatforms) = postSolution
		{E6871E65-D8A8-4315-A530-C9A8E766BF81}.Debug|Any CPU.ActiveCfg = Debug|Any CPU
		{E6871E65-D8A8-4315-A530-C9A8E766BF81}.Debug|Any CPU.Build.0 = Debug|Any CPU
		{E6871E65-D8A8-4315-A530-C9A8E766BF81}.Release|Any CPU.ActiveCfg = Release|Any CPU
		{E6871E65-D8A8-4315-A530-C9A8E766BF81}.Release|Any CPU.Build.0 = Release|Any CPU
		{9C14DE55-20C8-404C-81E7-808707B904DA}.Debug|Any CPU.ActiveCfg = Debug|Any CPU
		{9C14DE55-20C8-404C-81E7-808707B904DA}.Debug|Any CPU.Build.0 = Debug|Any CPU
		{9C14DE55-20C8-404C-81E7-808707B904DA}.Release|Any CPU.ActiveCfg = Release|Any CPU
		{9C14DE55-20C8-404C-81E7-808707B904DA}.Release|Any CPU.Build.0 = Release|Any CPU
		{8798EDA7-230D-4834-A5A5-5CEADEA2831A}.Debug|Any CPU.ActiveCfg = Debug|Any CPU
		{8798EDA7-230D-4834-A5A5-5CEADEA2831A}.Debug|Any CPU.Build.0 = Debug|Any CPU
		{8798EDA7-230D-4834-A5A5-5CEADEA2831A}.Release|Any CPU.ActiveCfg = Release|Any CPU
		{8798EDA7-230D-4834-A5A5-5CEADEA2831A}.Release|Any CPU.Build.0 = Release|Any CPU
		{FEC3D47A-8EC2-4483-AAE3-DB17CCD93F22}.Debug|Any CPU.ActiveCfg = Debug|Any CPU
		{FEC3D47A-8EC2-4483-AAE3-DB17CCD93F22}.Debug|Any CPU.Build.0 = Debug|Any CPU
		{FEC3D47A-8EC2-4483-AAE3-DB17CCD93F22}.Release|Any CPU.ActiveCfg = Release|Any CPU
		{FEC3D47A-8EC2-4483-AAE3-DB17CCD93F22}.Release|Any CPU.Build.0 = Release|Any CPU
	EndGlobalSection
	GlobalSection(NestedProjects) = preSolution
		{E6871E65-D8A8-4315-A530-C9A8E766BF81} = {D2F7C411-42AD-4A94-9275-5A6DAD24DFCD}
		{9C14DE55-20C8-404C-81E7-808707B904DA} = {D2F7C411-42AD-4A94-9275-5A6DAD24DFCD}
		{8798EDA7-230D-4834-A5A5-5CEADEA2831A} = {D2F7C411-42AD-4A94-9275-5A6DAD24DFCD}
		{FEC3D47A-8EC2-4483-AAE3-DB17CCD93F22} = {D2F7C411-42AD-4A94-9275-5A6DAD24DFCD}
	EndGlobalSection
EndGlobal
