
Microsoft Visual Studio Solution File, Format Version 12.00
# Visual Studio Version 17
VisualStudioVersion = 17.0.31612.314
MinimumVisualStudioVersion = 10.0.40219.1
Project("{9A19103F-16F7-4668-BE54-9A1E7A4F7556}") = "MultiTenantSingleDatabase", "MultiTenantSingleDatabase\MultiTenantSingleDatabase.csproj", "{F728C18D-8A2F-4D9C-B198-80EDFB444899}"
EndProject
Project("{9A19103F-16F7-4668-BE54-9A1E7A4F7556}") = "MultiTenants.Fx", "MultiTenants.Fx\MultiTenants.Fx.csproj", "{DCF9EEF4-A5C0-40E1-9559-ABF4921D7ABC}"
EndProject
Project("{FAE04EC0-301F-11D3-BF4B-00C04F79EFBC}") = "MultiTenantMultiDatabase", "MultiTenantMultiDatabase\MultiTenantMultiDatabase.csproj", "{79B535A7-8921-457A-8234-3F2EEF7FE117}"
EndProject
Global
	GlobalSection(SolutionConfigurationPlatforms) = preSolution
		Debug|Any CPU = Debug|Any CPU
		Release|Any CPU = Release|Any CPU
	EndGlobalSection
	GlobalSection(ProjectConfigurationPlatforms) = postSolution
		{F728C18D-8A2F-4D9C-B198-80EDFB444899}.Debug|Any CPU.ActiveCfg = Debug|Any CPU
		{F728C18D-8A2F-4D9C-B198-80EDFB444899}.Debug|Any CPU.Build.0 = Debug|Any CPU
		{F728C18D-8A2F-4D9C-B198-80EDFB444899}.Release|Any CPU.ActiveCfg = Release|Any CPU
		{F728C18D-8A2F-4D9C-B198-80EDFB444899}.Release|Any CPU.Build.0 = Release|Any CPU
		{DCF9EEF4-A5C0-40E1-9559-ABF4921D7ABC}.Debug|Any CPU.ActiveCfg = Debug|Any CPU
		{DCF9EEF4-A5C0-40E1-9559-ABF4921D7ABC}.Debug|Any CPU.Build.0 = Debug|Any CPU
		{DCF9EEF4-A5C0-40E1-9559-ABF4921D7ABC}.Release|Any CPU.ActiveCfg = Release|Any CPU
		{DCF9EEF4-A5C0-40E1-9559-ABF4921D7ABC}.Release|Any CPU.Build.0 = Release|Any CPU
		{79B535A7-8921-457A-8234-3F2EEF7FE117}.Debug|Any CPU.ActiveCfg = Debug|Any CPU
		{79B535A7-8921-457A-8234-3F2EEF7FE117}.Debug|Any CPU.Build.0 = Debug|Any CPU
		{79B535A7-8921-457A-8234-3F2EEF7FE117}.Release|Any CPU.ActiveCfg = Release|Any CPU
		{79B535A7-8921-457A-8234-3F2EEF7FE117}.Release|Any CPU.Build.0 = Release|Any CPU
	EndGlobalSection
	GlobalSection(SolutionProperties) = preSolution
		HideSolutionNode = FALSE
	EndGlobalSection
	GlobalSection(ExtensibilityGlobals) = postSolution
		SolutionGuid = {409C3CCE-6C3E-46C1-AB7C-827B4CE7071B}
	EndGlobalSection
EndGlobal
