
Microsoft Visual Studio Solution File, Format Version 12.00
# Visual Studio Version 17
VisualStudioVersion = 17.0.31903.59
MinimumVisualStudioVersion = 10.0.40219.1
Project("{2150E333-8FDC-42A3-9474-1A3956D46DE8}") = "src", "src", "{C810FCD1-641C-49DF-B750-7A043F89F999}"
EndProject
Project("{FAE04EC0-301F-11D3-BF4B-00C04F79EFBC}") = "WebApi", "src\WebApi\WebApi.csproj", "{0B17701B-922A-47A7-83FF-8CD882F71EA2}"
EndProject
Global
	GlobalSection(SolutionConfigurationPlatforms) = preSolution
		Debug|Any CPU = Debug|Any CPU
		Release|Any CPU = Release|Any CPU
	EndGlobalSection
	GlobalSection(SolutionProperties) = preSolution
		HideSolutionNode = FALSE
	EndGlobalSection
	GlobalSection(ProjectConfigurationPlatforms) = postSolution
		{0B17701B-922A-47A7-83FF-8CD882F71EA2}.Debug|Any CPU.ActiveCfg = Debug|Any CPU
		{0B17701B-922A-47A7-83FF-8CD882F71EA2}.Debug|Any CPU.Build.0 = Debug|Any CPU
		{0B17701B-922A-47A7-83FF-8CD882F71EA2}.Release|Any CPU.ActiveCfg = Release|Any CPU
		{0B17701B-922A-47A7-83FF-8CD882F71EA2}.Release|Any CPU.Build.0 = Release|Any CPU
		{60644592-729B-4F7B-B969-E125164EE946}.Debug|Any CPU.ActiveCfg = Debug|Any CPU
		{60644592-729B-4F7B-B969-E125164EE946}.Debug|Any CPU.Build.0 = Debug|Any CPU
		{60644592-729B-4F7B-B969-E125164EE946}.Release|Any CPU.ActiveCfg = Release|Any CPU
		{60644592-729B-4F7B-B969-E125164EE946}.Release|Any CPU.Build.0 = Release|Any CPU
	EndGlobalSection
	GlobalSection(NestedProjects) = preSolution
		{0B17701B-922A-47A7-83FF-8CD882F71EA2} = {C810FCD1-641C-49DF-B750-7A043F89F999}
		{60644592-729B-4F7B-B969-E125164EE946} = {C810FCD1-641C-49DF-B750-7A043F89F999}
	EndGlobalSection
EndGlobal
