
Microsoft Visual Studio Solution File, Format Version 12.00
# Visual Studio Version 17
VisualStudioVersion = 17.8.34330.188
MinimumVisualStudioVersion = 10.0.40219.1
Project("{9A19103F-16F7-4668-BE54-9A1E7A4F7556}") = "DurableTask.Api", "DurableTask.Api\DurableTask.Api.csproj", "{3AA1BA77-A705-4F73-BC3F-A368A598986E}"
EndProject
Global
	GlobalSection(SolutionConfigurationPlatforms) = preSolution
		Debug|Any CPU = Debug|Any CPU
		Release|Any CPU = Release|Any CPU
	EndGlobalSection
	GlobalSection(ProjectConfigurationPlatforms) = postSolution
		{3AA1BA77-A705-4F73-BC3F-A368A598986E}.Debug|Any CPU.ActiveCfg = Debug|Any CPU
		{3AA1BA77-A705-4F73-BC3F-A368A598986E}.Debug|Any CPU.Build.0 = Debug|Any CPU
		{3AA1BA77-A705-4F73-BC3F-A368A598986E}.Release|Any CPU.ActiveCfg = Release|Any CPU
		{3AA1BA77-A705-4F73-BC3F-A368A598986E}.Release|Any CPU.Build.0 = Release|Any CPU
	EndGlobalSection
	GlobalSection(SolutionProperties) = preSolution
		HideSolutionNode = FALSE
	EndGlobalSection
	GlobalSection(ExtensibilityGlobals) = postSolution
		SolutionGuid = {BE71DAB2-F736-4E97-8F1B-BF36FF968B61}
	EndGlobalSection
EndGlobal
