
Microsoft Visual Studio Solution File, Format Version 12.00
# Visual Studio Version 17
VisualStudioVersion = 17.3.32901.215
MinimumVisualStudioVersion = 10.0.40219.1
Project("{9A19103F-16F7-4668-BE54-9A1E7A4F7556}") = "BackgroundJob.Cron", "BackgroundJob.Cron.csproj", "{42B33255-5C3C-4EC9-8277-D01AFBE46A83}"
EndProject
Global
	GlobalSection(SolutionConfigurationPlatforms) = preSolution
		Debug|Any CPU = Debug|Any CPU
		Release|Any CPU = Release|Any CPU
	EndGlobalSection
	GlobalSection(ProjectConfigurationPlatforms) = postSolution
		{42B33255-5C3C-4EC9-8277-D01AFBE46A83}.Debug|Any CPU.ActiveCfg = Debug|Any CPU
		{42B33255-5C3C-4EC9-8277-D01AFBE46A83}.Debug|Any CPU.Build.0 = Debug|Any CPU
		{42B33255-5C3C-4EC9-8277-D01AFBE46A83}.Release|Any CPU.ActiveCfg = Release|Any CPU
		{42B33255-5C3C-4EC9-8277-D01AFBE46A83}.Release|Any CPU.Build.0 = Release|Any CPU
	EndGlobalSection
	GlobalSection(SolutionProperties) = preSolution
		HideSolutionNode = FALSE
	EndGlobalSection
	GlobalSection(ExtensibilityGlobals) = postSolution
		SolutionGuid = {1497AD2C-0B97-457F-9123-EF2FD7817A89}
	EndGlobalSection
EndGlobal
