
Microsoft Visual Studio Solution File, Format Version 12.00
# Visual Studio Version 17
VisualStudioVersion = 17.0.31903.59
MinimumVisualStudioVersion = 10.0.40219.1
Project("{2150E333-8FDC-42A3-9474-1A3956D46DE8}") = "src", "src", "{A39E72EB-2996-4E2D-98B6-B104CFED9153}"
EndProject
Project("{FAE04EC0-301F-11D3-BF4B-00C04F79EFBC}") = "MinimalApiScrutor", "src\MinimalApiScrutor\MinimalApiScrutor.csproj", "{C9518377-D375-47BC-A411-CBF024D5F3AF}"
EndProject
Global
	GlobalSection(SolutionConfigurationPlatforms) = preSolution
		Debug|Any CPU = Debug|Any CPU
		Release|Any CPU = Release|Any CPU
	EndGlobalSection
	GlobalSection(SolutionProperties) = preSolution
		HideSolutionNode = FALSE
	EndGlobalSection
	GlobalSection(ProjectConfigurationPlatforms) = postSolution
		{C9518377-D375-47BC-A411-CBF024D5F3AF}.Debug|Any CPU.ActiveCfg = Debug|Any CPU
		{C9518377-D375-47BC-A411-CBF024D5F3AF}.Debug|Any CPU.Build.0 = Debug|Any CPU
		{C9518377-D375-47BC-A411-CBF024D5F3AF}.Release|Any CPU.ActiveCfg = Release|Any CPU
		{C9518377-D375-47BC-A411-CBF024D5F3AF}.Release|Any CPU.Build.0 = Release|Any CPU
	EndGlobalSection
	GlobalSection(NestedProjects) = preSolution
		{C9518377-D375-47BC-A411-CBF024D5F3AF} = {A39E72EB-2996-4E2D-98B6-B104CFED9153}
	EndGlobalSection
EndGlobal
