
Microsoft Visual Studio Solution File, Format Version 12.00
# Visual Studio Version 17
VisualStudioVersion = 17.14.36310.24 d17.14
MinimumVisualStudioVersion = 10.0.40219.1
Project("{FAE04EC0-301F-11D3-BF4B-00C04F79EFBC}") = "SemanticKernelLearning04", "SemanticKernelLearning04.csproj", "{61B9BD70-7F61-42AE-947D-63605DAEF75D}"
EndProject
Global
	GlobalSection(SolutionConfigurationPlatforms) = preSolution
		Debug|Any CPU = Debug|Any CPU
		Release|Any CPU = Release|Any CPU
	EndGlobalSection
	GlobalSection(ProjectConfigurationPlatforms) = postSolution
		{61B9BD70-7F61-42AE-947D-63605DAEF75D}.Debug|Any CPU.ActiveCfg = Debug|Any CPU
		{61B9BD70-7F61-42AE-947D-63605DAEF75D}.Debug|Any CPU.Build.0 = Debug|Any CPU
		{61B9BD70-7F61-42AE-947D-63605DAEF75D}.Release|Any CPU.ActiveCfg = Release|Any CPU
		{61B9BD70-7F61-42AE-947D-63605DAEF75D}.Release|Any CPU.Build.0 = Release|Any CPU
	EndGlobalSection
	GlobalSection(SolutionProperties) = preSolution
		HideSolutionNode = FALSE
	EndGlobalSection
	GlobalSection(ExtensibilityGlobals) = postSolution
		SolutionGuid = {9F65B668-9B71-432B-A52E-1A8F5C609928}
	EndGlobalSection
EndGlobal
